
Microsoft Visual Studio Solution File, Format Version 12.00
# Visual Studio Version 17
VisualStudioVersion = 17.10.35122.118
MinimumVisualStudioVersion = 10.0.40219.1
Project("{FAE04EC0-301F-11D3-BF4B-00C04F79EFBC}") = "BibliotecaTecoc", "BibliotecaTecoc\BibliotecaTecoc.csproj", "{C3591D5E-411E-40A7-89D5-C1E6BA36FB7B}"
EndProject
Global
	GlobalSection(SolutionConfigurationPlatforms) = preSolution
		Debug|Any CPU = Debug|Any CPU
		Release|Any CPU = Release|Any CPU
	EndGlobalSection
	GlobalSection(ProjectConfigurationPlatforms) = postSolution
		{C3591D5E-411E-40A7-89D5-C1E6BA36FB7B}.Debug|Any CPU.ActiveCfg = Debug|Any CPU
		{C3591D5E-411E-40A7-89D5-C1E6BA36FB7B}.Debug|Any CPU.Build.0 = Debug|Any CPU
		{C3591D5E-411E-40A7-89D5-C1E6BA36FB7B}.Release|Any CPU.ActiveCfg = Release|Any CPU
		{C3591D5E-411E-40A7-89D5-C1E6BA36FB7B}.Release|Any CPU.Build.0 = Release|Any CPU
	EndGlobalSection
	GlobalSection(SolutionProperties) = preSolution
		HideSolutionNode = FALSE
	EndGlobalSection
	GlobalSection(ExtensibilityGlobals) = postSolution
		SolutionGuid = {26C0D01F-622E-48A5-B6F9-3CDD1C31D859}
	EndGlobalSection
EndGlobal
